{
  "version": 4,
  "terraform_version": "1.3.6",
  "serial": 4,
  "lineage": "946300eb-31ab-7cbd-21af-f58a87974cb3",
  "outputs": {},
  "resources": [
    {
      "module": "module.resource-group",
      "mode": "data",
      "type": "azurerm_resource_group",
      "name": "rg",
      "provider": "provider[\"registry.terraform.io/hashicorp/azurerm\"]",
      "instances": [
        {
          "schema_version": 0,
          "attributes": {
            "id": "/subscriptions/c50eee96-3121-418a-b437-12756acf618b/resourceGroups/juswen-auz-rg",
            "location": "westus3",
            "name": "juswen-auz-rg",
            "tags": {},
            "timeouts": null
          },
          "sensitive_attributes": []
        }
      ]
    },
    {
      "module": "module.service-plan",
      "mode": "managed",
      "type": "azurerm_app_service_source_control",
      "name": "sourcecontrol",
      "provider": "provider[\"registry.terraform.io/hashicorp/azurerm\"]",
      "instances": [
        {
          "schema_version": 0,
          "attributes": {
            "app_id": "/subscriptions/c50eee96-3121-418a-b437-12756acf618b/resourceGroups/juswen-auz-rg/providers/Microsoft.Web/sites/auz1111webapp",
            "branch": "master",
            "github_action_configuration": [],
            "id": "/subscriptions/c50eee96-3121-418a-b437-12756acf618b/resourceGroups/juswen-auz-rg/providers/Microsoft.Web/sites/auz1111webapp",
            "repo_url": "https://github.com/Azure-Samples/nodejs-docs-hello-world",
            "rollback_enabled": false,
            "scm_type": "ExternalGit",
            "timeouts": null,
            "use_local_git": false,
            "use_manual_integration": true,
            "use_mercurial": false,
            "uses_github_action": false
          },
          "sensitive_attributes": [],
          "private": "eyJlMmJmYjczMC1lY2FhLTExZTYtOGY4OC0zNDM2M2JjN2M0YzAiOnsiY3JlYXRlIjoxODAwMDAwMDAwMDAwLCJkZWxldGUiOjE4MDAwMDAwMDAwMDAsInJlYWQiOjMwMDAwMDAwMDAwMH19",
          "dependencies": [
            "module.resource-group.data.azurerm_resource_group.rg",
            "module.service-plan.azurerm_linux_web_app.webapp",
            "module.service-plan.azurerm_service_plan.appserviceplan"
          ]
        }
      ]
    },
    {
      "module": "module.service-plan",
      "mode": "managed",
      "type": "azurerm_linux_web_app",
      "name": "webapp",
      "provider": "provider[\"registry.terraform.io/hashicorp/azurerm\"]",
      "instances": [
        {
          "schema_version": 0,
          "attributes": {
            "app_settings": null,
            "auth_settings": [
              {
                "active_directory": [],
                "additional_login_parameters": {},
                "allowed_external_redirect_urls": [],
                "default_provider": "",
                "enabled": false,
                "facebook": [],
                "github": [],
                "google": [],
                "issuer": "",
                "microsoft": [],
                "runtime_version": "",
                "token_refresh_extension_hours": 0,
                "token_store_enabled": false,
                "twitter": [],
                "unauthenticated_client_action": ""
              }
            ],
            "backup": [],
            "client_affinity_enabled": false,
            "client_certificate_enabled": false,
            "client_certificate_exclusion_paths": "",
            "client_certificate_mode": "Required",
            "connection_string": [],
            "custom_domain_verification_id": "17E0F67FF1610AAE2476078318CD989DF1E3E550E6AA198EADB45C16896B323E",
            "default_hostname": "auz1111webapp.azurewebsites.net",
            "enabled": true,
            "https_only": true,
            "id": "/subscriptions/c50eee96-3121-418a-b437-12756acf618b/resourceGroups/juswen-auz-rg/providers/Microsoft.Web/sites/auz1111webapp",
            "identity": [],
            "key_vault_reference_identity_id": "SystemAssigned",
            "kind": "app,linux",
            "location": "westus3",
            "logs": [],
            "name": "auz1111webapp",
            "outbound_ip_address_list": [
              "20.40.24.49",
              "20.40.24.81",
              "20.40.24.108",
              "20.40.24.23",
              "20.40.24.30",
              "20.40.24.31",
              "20.40.24.37"
            ],
            "outbound_ip_addresses": "20.40.24.49,20.40.24.81,20.40.24.108,20.40.24.23,20.40.24.30,20.40.24.31,20.40.24.37",
            "possible_outbound_ip_address_list": [
              "20.40.24.49",
              "20.40.24.81",
              "20.40.24.108",
              "20.40.24.23",
              "20.40.24.30",
              "20.40.24.31",
              "20.40.24.38",
              "20.40.24.39",
              "20.40.24.89",
              "20.40.24.50",
              "20.40.24.51",
              "20.40.24.54",
              "20.40.24.55",
              "20.40.24.62",
              "20.40.24.46",
              "20.40.24.16",
              "20.40.24.63",
              "20.40.24.144",
              "20.150.155.106",
              "20.150.155.120",
              "20.150.155.126",
              "20.150.154.251",
              "20.150.155.109",
              "20.150.155.169",
              "20.40.24.37"
            ],
            "possible_outbound_ip_addresses": "20.40.24.49,20.40.24.81,20.40.24.108,20.40.24.23,20.40.24.30,20.40.24.31,20.40.24.38,20.40.24.39,20.40.24.89,20.40.24.50,20.40.24.51,20.40.24.54,20.40.24.55,20.40.24.62,20.40.24.46,20.40.24.16,20.40.24.63,20.40.24.144,20.150.155.106,20.150.155.120,20.150.155.126,20.150.154.251,20.150.155.109,20.150.155.169,20.40.24.37",
            "resource_group_name": "juswen-auz-rg",
            "service_plan_id": "/subscriptions/c50eee96-3121-418a-b437-12756acf618b/resourceGroups/juswen-auz-rg/providers/Microsoft.Web/serverfarms/auz1111appplan",
            "site_config": [
              {
                "always_on": false,
                "api_definition_url": "",
                "api_management_api_id": "",
                "app_command_line": "",
                "application_stack": [
                  {
                    "docker_image": "",
                    "docker_image_tag": "",
                    "dotnet_version": "",
                    "java_server": "",
                    "java_server_version": "",
                    "java_version": "",
                    "node_version": "",
                    "php_version": "",
                    "python_version": "",
                    "ruby_version": ""
                  }
                ],
                "auto_heal_enabled": false,
                "auto_heal_setting": [],
                "container_registry_managed_identity_client_id": "",
                "container_registry_use_managed_identity": false,
                "cors": [],
                "default_documents": [
                  "Default.htm",
                  "Default.html",
                  "Default.asp",
                  "index.htm",
                  "index.html",
                  "iisstart.htm",
                  "default.aspx",
                  "index.php",
                  "hostingstart.html"
                ],
                "detailed_error_logging_enabled": false,
                "ftps_state": "Disabled",
                "health_check_eviction_time_in_min": 0,
                "health_check_path": "",
                "http2_enabled": false,
                "ip_restriction": [],
                "linux_fx_version": "",
                "load_balancing_mode": "LeastRequests",
                "local_mysql_enabled": false,
                "managed_pipeline_mode": "Integrated",
                "minimum_tls_version": "1.2",
                "remote_debugging_enabled": false,
                "remote_debugging_version": "VS2019",
                "scm_ip_restriction": [],
                "scm_minimum_tls_version": "1.2",
                "scm_type": "None",
                "scm_use_main_ip_restriction": false,
                "use_32_bit_worker": true,
                "vnet_route_all_enabled": false,
                "websockets_enabled": false,
                "worker_count": 1
              }
            ],
            "site_credential": [
              {
                "name": "$auz1111webapp",
                "password": "1NSkcXq6Lmi8gmT8QYdn8bTec5mcSaQYk6Lcx3geY7dzSbkzdsy7o4cj3cPi"
              }
            ],
            "sticky_settings": [],
            "storage_account": [],
            "tags": null,
            "timeouts": null,
            "virtual_network_subnet_id": "",
            "zip_deploy_file": ""
          },
          "sensitive_attributes": [],
          "private": "eyJlMmJmYjczMC1lY2FhLTExZTYtOGY4OC0zNDM2M2JjN2M0YzAiOnsiY3JlYXRlIjoxODAwMDAwMDAwMDAwLCJkZWxldGUiOjE4MDAwMDAwMDAwMDAsInJlYWQiOjMwMDAwMDAwMDAwMCwidXBkYXRlIjoxODAwMDAwMDAwMDAwfX0=",
          "dependencies": [
            "module.resource-group.data.azurerm_resource_group.rg",
            "module.service-plan.azurerm_service_plan.appserviceplan"
          ]
        }
      ]
    },
    {
      "module": "module.service-plan",
      "mode": "managed",
      "type": "azurerm_service_plan",
      "name": "appserviceplan",
      "provider": "provider[\"registry.terraform.io/hashicorp/azurerm\"]",
      "instances": [
        {
          "schema_version": 0,
          "attributes": {
            "app_service_environment_id": "",
            "id": "/subscriptions/c50eee96-3121-418a-b437-12756acf618b/resourceGroups/juswen-auz-rg/providers/Microsoft.Web/serverfarms/auz1111appplan",
            "kind": "linux",
            "location": "westus3",
            "maximum_elastic_worker_count": 1,
            "name": "auz1111appplan",
            "os_type": "Linux",
            "per_site_scaling_enabled": false,
            "reserved": true,
            "resource_group_name": "juswen-auz-rg",
            "sku_name": "F1",
            "tags": null,
            "timeouts": null,
            "worker_count": 1,
            "zone_balancing_enabled": false
          },
          "sensitive_attributes": [],
          "private": "eyJlMmJmYjczMC1lY2FhLTExZTYtOGY4OC0zNDM2M2JjN2M0YzAiOnsiY3JlYXRlIjozNjAwMDAwMDAwMDAwLCJkZWxldGUiOjM2MDAwMDAwMDAwMDAsInJlYWQiOjMwMDAwMDAwMDAwMCwidXBkYXRlIjozNjAwMDAwMDAwMDAwfX0=",
          "dependencies": [
            "module.resource-group.data.azurerm_resource_group.rg"
          ]
        }
      ]
    }
  ],
  "check_results": null
}
